
Microsoft Visual Studio Solution File, Format Version 12.00
# Visual Studio 15
VisualStudioVersion = 15.0.27703.2026
MinimumVisualStudioVersion = 10.0.40219.1
Project("{FAE04EC0-301F-11D3-BF4B-00C04F79EFBC}") = "FindHisWife", "FindHisWife\FindHisWife.csproj", "{94AA12EB-775C-4542-B128-C43A9A92716E}"
EndProject
Global
	GlobalSection(SolutionConfigurationPlatforms) = preSolution
		Debug|Any CPU = Debug|Any CPU
		Release|Any CPU = Release|Any CPU
	EndGlobalSection
	GlobalSection(ProjectConfigurationPlatforms) = postSolution
		{94AA12EB-775C-4542-B128-C43A9A92716E}.Debug|Any CPU.ActiveCfg = Debug|Any CPU
		{94AA12EB-775C-4542-B128-C43A9A92716E}.Debug|Any CPU.Build.0 = Debug|Any CPU
		{94AA12EB-775C-4542-B128-C43A9A92716E}.Release|Any CPU.ActiveCfg = Release|Any CPU
		{94AA12EB-775C-4542-B128-C43A9A92716E}.Release|Any CPU.Build.0 = Release|Any CPU
	EndGlobalSection
	GlobalSection(SolutionProperties) = preSolution
		HideSolutionNode = FALSE
	EndGlobalSection
	GlobalSection(ExtensibilityGlobals) = postSolution
		SolutionGuid = {972F4686-F740-4A63-8374-97B04358E28C}
	EndGlobalSection
EndGlobal
